# THIS IS AN AUTOGENERATED FILE. DO NOT EDIT THIS FILE DIRECTLY.
# yarn lockfile v1


jsrsasign@^10.8.6:
  version "10.8.6"
  resolved "https://registry.yarnpkg.com/jsrsasign/-/jsrsasign-10.8.6.tgz#ebf7f3c812c6517af84f0d8a10115e0dbfabe145"
  integrity sha512-bQmbVtsfbgaKBTWCKiDCPlUPbdlRIK/FzSwT3BzIgZl/cU6TqXu6pZJsCI/dJVrZ9Gir5GC4woqw9shH/v7MBw==
